// !$*UTF8*$!
{
	archiveVersion = 1;
	classes = {
	};
	objectVersion = 46;
	objects = {

/* Begin PBXBuildFile section */
		D3AD288F1B78429700DD0DA3 /* AppDelegate.swift in Sources */ = {isa = PBXBuildFile; fileRef = D3AD288E1B78429700DD0DA3 /* AppDelegate.swift */; };
		D3AD28921B78429700DD0DA3 /* Locatapp.xcdatamodeld in Sources */ = {isa = PBXBuildFile; fileRef = D3AD28901B78429700DD0DA3 /* Locatapp.xcdatamodeld */; };
		D3AD28941B78429700DD0DA3 /* MasterViewController.swift in Sources */ = {isa = PBXBuildFile; fileRef = D3AD28931B78429700DD0DA3 /* MasterViewController.swift */; };
		D3AD28961B78429700DD0DA3 /* DetailViewController.swift in Sources */ = {isa = PBXBuildFile; fileRef = D3AD28951B78429700DD0DA3 /* DetailViewController.swift */; };
		D3AD28991B78429700DD0DA3 /* Main.storyboard in Resources */ = {isa = PBXBuildFile; fileRef = D3AD28971B78429700DD0DA3 /* Main.storyboard */; };
		D3AD289B1B78429700DD0DA3 /* Images.xcassets in Resources */ = {isa = PBXBuildFile; fileRef = D3AD289A1B78429700DD0DA3 /* Images.xcassets */; };
		D3AD289E1B78429700DD0DA3 /* LaunchScreen.xib in Resources */ = {isa = PBXBuildFile; fileRef = D3AD289C1B78429700DD0DA3 /* LaunchScreen.xib */; };
		D3AD28AA1B78429700DD0DA3 /* LocatappTests.swift in Sources */ = {isa = PBXBuildFile; fileRef = D3AD28A91B78429700DD0DA3 /* LocatappTests.swift */; };
		D3AD28B41B78494000DD0DA3 /* MapKit.framework in Frameworks */ = {isa = PBXBuildFile; fileRef = D3AD28B31B78494000DD0DA3 /* MapKit.framework */; };
/* End PBXBuildFile section */

/* Begin PBXContainerItemProxy section */
		D3AD28A41B78429700DD0DA3 /* PBXContainerItemProxy */ = {
			isa = PBXContainerItemProxy;
			containerPortal = D3AD28811B78429700DD0DA3 /* Project object */;
			proxyType = 1;
			remoteGlobalIDString = D3AD28881B78429700DD0DA3;
			remoteInfo = Locatapp;
		};
/* End PBXContainerItemProxy section */

/* Begin PBXFileReference section */
		D3AD28891B78429700DD0DA3 /* Locatapp.app */ = {isa = PBXFileReference; explicitFileType = wrapper.application; includeInIndex = 0; path = Locatapp.app; sourceTree = BUILT_PRODUCTS_DIR; };
		D3AD288D1B78429700DD0DA3 /* Info.plist */ = {isa = PBXFileReference; lastKnownFileType = text.plist.xml; path = Info.plist; sourceTree = "<group>"; };
		D3AD288E1B78429700DD0DA3 /* AppDelegate.swift */ = {isa = PBXFileReference; lastKnownFileType = sourcecode.swift; path = AppDelegate.swift; sourceTree = "<group>"; };
		D3AD28911B78429700DD0DA3 /* Locatapp.xcdatamodel */ = {isa = PBXFileReference; lastKnownFileType = wrapper.xcdatamodel; path = Locatapp.xcdatamodel; sourceTree = "<group>"; };
		D3AD28931B78429700DD0DA3 /* MasterViewController.swift */ = {isa = PBXFileReference; lastKnownFileType = sourcecode.swift; path = MasterViewController.swift; sourceTree = "<group>"; };
		D3AD28951B78429700DD0DA3 /* DetailViewController.swift */ = {isa = PBXFileReference; lastKnownFileType = sourcecode.swift; path = DetailViewController.swift; sourceTree = "<group>"; };
		D3AD28981B78429700DD0DA3 /* Base */ = {isa = PBXFileReference; lastKnownFileType = file.storyboard; name = Base; path = Base.lproj/Main.storyboard; sourceTree = "<group>"; };
		D3AD289A1B78429700DD0DA3 /* Images.xcassets */ = {isa = PBXFileReference; lastKnownFileType = folder.assetcatalog; path = Images.xcassets; sourceTree = "<group>"; };
		D3AD289D1B78429700DD0DA3 /* Base */ = {isa = PBXFileReference; lastKnownFileType = file.xib; name = Base; path = Base.lproj/LaunchScreen.xib; sourceTree = "<group>"; };
		D3AD28A31B78429700DD0DA3 /* LocatappTests.xctest */ = {isa = PBXFileReference; explicitFileType = wrapper.cfbundle; includeInIndex = 0; path = LocatappTests.xctest; sourceTree = BUILT_PRODUCTS_DIR; };
		D3AD28A81B78429700DD0DA3 /* Info.plist */ = {isa = PBXFileReference; lastKnownFileType = text.plist.xml; path = Info.plist; sourceTree = "<group>"; };
		D3AD28A91B78429700DD0DA3 /* LocatappTests.swift */ = {isa = PBXFileReference; lastKnownFileType = sourcecode.swift; path = LocatappTests.swift; sourceTree = "<group>"; };
		D3AD28B31B78494000DD0DA3 /* MapKit.framework */ = {isa = PBXFileReference; lastKnownFileType = wrapper.framework; name = MapKit.framework; path = System/Library/Frameworks/MapKit.framework; sourceTree = SDKROOT; };
/* End PBXFileReference section */

/* Begin PBXFrameworksBuildPhase section */
		D3AD28861B78429700DD0DA3 /* Frameworks */ = {
			isa = PBXFrameworksBuildPhase;
			buildActionMask = 2147483647;
			files = (
				D3AD28B41B78494000DD0DA3 /* MapKit.framework in Frameworks */,
			);
			runOnlyForDeploymentPostprocessing = 0;
		};
		D3AD28A01B78429700DD0DA3 /* Frameworks */ = {
			isa = PBXFrameworksBuildPhase;
			buildActionMask = 2147483647;
			files = (
			);
			runOnlyForDeploymentPostprocessing = 0;
		};
/* End PBXFrameworksBuildPhase section */

/* Begin PBXGroup section */
		D3AD28801B78429700DD0DA3 = {
			isa = PBXGroup;
			children = (
				D3AD28B31B78494000DD0DA3 /* MapKit.framework */,
				D3AD288B1B78429700DD0DA3 /* Locatapp */,
				D3AD28A61B78429700DD0DA3 /* LocatappTests */,
				D3AD288A1B78429700DD0DA3 /* Products */,
			);
			sourceTree = "<group>";
		};
		D3AD288A1B78429700DD0DA3 /* Products */ = {
			isa = PBXGroup;
			children = (
				D3AD28891B78429700DD0DA3 /* Locatapp.app */,
				D3AD28A31B78429700DD0DA3 /* LocatappTests.xctest */,
			);
			name = Products;
			sourceTree = "<group>";
		};
		D3AD288B1B78429700DD0DA3 /* Locatapp */ = {
			isa = PBXGroup;
			children = (
				D3AD288E1B78429700DD0DA3 /* AppDelegate.swift */,
				D3AD28931B78429700DD0DA3 /* MasterViewController.swift */,
				D3AD28951B78429700DD0DA3 /* DetailViewController.swift */,
				D3AD28971B78429700DD0DA3 /* Main.storyboard */,
				D3AD289A1B78429700DD0DA3 /* Images.xcassets */,
				D3AD289C1B78429700DD0DA3 /* LaunchScreen.xib */,
				D3AD28901B78429700DD0DA3 /* Locatapp.xcdatamodeld */,
				D3AD288C1B78429700DD0DA3 /* Supporting Files */,
			);
			path = Locatapp;
			sourceTree = "<group>";
		};
		D3AD288C1B78429700DD0DA3 /* Supporting Files */ = {
			isa = PBXGroup;
			children = (
				D3AD288D1B78429700DD0DA3 /* Info.plist */,
			);
			name = "Supporting Files";
			sourceTree = "<group>";
		};
		D3AD28A61B78429700DD0DA3 /* LocatappTests */ = {
			isa = PBXGroup;
			children = (
				D3AD28A91B78429700DD0DA3 /* LocatappTests.swift */,
				D3AD28A71B78429700DD0DA3 /* Supporting Files */,
			);
			path = LocatappTests;
			sourceTree = "<group>";
		};
		D3AD28A71B78429700DD0DA3 /* Supporting Files */ = {
			isa = PBXGroup;
			children = (
				D3AD28A81B78429700DD0DA3 /* Info.plist */,
			);
			name = "Supporting Files";
			sourceTree = "<group>";
		};
/* End PBXGroup section */

/* Begin PBXNativeTarget section */
		D3AD28881B78429700DD0DA3 /* Locatapp */ = {
			isa = PBXNativeTarget;
			buildConfigurationList = D3AD28AD1B78429700DD0DA3 /* Build configuration list for PBXNativeTarget "Locatapp" */;
			buildPhases = (
				D3AD28851B78429700DD0DA3 /* Sources */,
				D3AD28861B78429700DD0DA3 /* Frameworks */,
				D3AD28871B78429700DD0DA3 /* Resources */,
			);
			buildRules = (
			);
			dependencies = (
			);
			name = Locatapp;
			productName = Locatapp;
			productReference = D3AD28891B78429700DD0DA3 /* Locatapp.app */;
			productType = "com.apple.product-type.application";
		};
		D3AD28A21B78429700DD0DA3 /* LocatappTests */ = {
			isa = PBXNativeTarget;
			buildConfigurationList = D3AD28B01B78429700DD0DA3 /* Build configuration list for PBXNativeTarget "LocatappTests" */;
			buildPhases = (
				D3AD289F1B78429700DD0DA3 /* Sources */,
				D3AD28A01B78429700DD0DA3 /* Frameworks */,
				D3AD28A11B78429700DD0DA3 /* Resources */,
			);
			buildRules = (
			);
			dependencies = (
				D3AD28A51B78429700DD0DA3 /* PBXTargetDependency */,
			);
			name = LocatappTests;
			productName = LocatappTests;
			productReference = D3AD28A31B78429700DD0DA3 /* LocatappTests.xctest */;
			productType = "com.apple.product-type.bundle.unit-test";
		};
/* End PBXNativeTarget section */

/* Begin PBXProject section */
		D3AD28811B78429700DD0DA3 /* Project object */ = {
			isa = PBXProject;
			attributes = {
				LastUpgradeCheck = 0640;
				ORGANIZATIONNAME = "Rusty Jennings";
				TargetAttributes = {
					D3AD28881B78429700DD0DA3 = {
						CreatedOnToolsVersion = 6.4;
					};
					D3AD28A21B78429700DD0DA3 = {
						CreatedOnToolsVersion = 6.4;
						TestTargetID = D3AD28881B78429700DD0DA3;
					};
				};
			};
			buildConfigurationList = D3AD28841B78429700DD0DA3 /* Build configuration list for PBXProject "Locatapp" */;
			compatibilityVersion = "Xcode 3.2";
			developmentRegion = English;
			hasScannedForEncodings = 0;
			knownRegions = (
				en,
				Base,
			);
			mainGroup = D3AD28801B78429700DD0DA3;
			productRefGroup = D3AD288A1B78429700DD0DA3 /* Products */;
			projectDirPath = "";
			projectRoot = "";
			targets = (
				D3AD28881B78429700DD0DA3 /* Locatapp */,
				D3AD28A21B78429700DD0DA3 /* LocatappTests */,
			);
		};
/* End PBXProject section */

/* Begin PBXResourcesBuildPhase section */
		D3AD28871B78429700DD0DA3 /* Resources */ = {
			isa = PBXResourcesBuildPhase;
			buildActionMask = 2147483647;
			files = (
				D3AD28991B78429700DD0DA3 /* Main.storyboard in Resources */,
				D3AD289E1B78429700DD0DA3 /* LaunchScreen.xib in Resources */,
				D3AD289B1B78429700DD0DA3 /* Images.xcassets in Resources */,
			);
			runOnlyForDeploymentPostprocessing = 0;
		};
		D3AD28A11B78429700DD0DA3 /* Resources */ = {
			isa = PBXResourcesBuildPhase;
			buildActionMask = 2147483647;
			files = (
			);
			runOnlyForDeploymentPostprocessing = 0;
		};
/* End PBXResourcesBuildPhase section */

/* Begin PBXSourcesBuildPhase section */
		D3AD28851B78429700DD0DA3 /* Sources */ = {
			isa = PBXSourcesBuildPhase;
			buildActionMask = 2147483647;
			files = (
				D3AD288F1B78429700DD0DA3 /* AppDelegate.swift in Sources */,
				D3AD28921B78429700DD0DA3 /* Locatapp.xcdatamodeld in Sources */,
				D3AD28941B78429700DD0DA3 /* MasterViewController.swift in Sources */,
				D3AD28961B78429700DD0DA3 /* DetailViewController.swift in Sources */,
			);
			runOnlyForDeploymentPostprocessing = 0;
		};
		D3AD289F1B78429700DD0DA3 /* Sources */ = {
			isa = PBXSourcesBuildPhase;
			buildActionMask = 2147483647;
			files = (
				D3AD28AA1B78429700DD0DA3 /* LocatappTests.swift in Sources */,
			);
			runOnlyForDeploymentPostprocessing = 0;
		};
/* End PBXSourcesBuildPhase section */

/* Begin PBXTargetDependency section */
		D3AD28A51B78429700DD0DA3 /* PBXTargetDependency */ = {
			isa = PBXTargetDependency;
			target = D3AD28881B78429700DD0DA3 /* Locatapp */;
			targetProxy = D3AD28A41B78429700DD0DA3 /* PBXContainerItemProxy */;
		};
/* End PBXTargetDependency section */

/* Begin PBXVariantGroup section */
		D3AD28971B78429700DD0DA3 /* Main.storyboard */ = {
			isa = PBXVariantGroup;
			children = (
				D3AD28981B78429700DD0DA3 /* Base */,
			);
			name = Main.storyboard;
			sourceTree = "<group>";
		};
		D3AD289C1B78429700DD0DA3 /* LaunchScreen.xib */ = {
			isa = PBXVariantGroup;
			children = (
				D3AD289D1B78429700DD0DA3 /* Base */,
			);
			name = LaunchScreen.xib;
			sourceTree = "<group>";
		};
/* End PBXVariantGroup section */

/* Begin XCBuildConfiguration section */
		D3AD28AB1B78429700DD0DA3 /* Debug */ = {
			isa = XCBuildConfiguration;
			buildSettings = {
				ALWAYS_SEARCH_USER_PATHS = NO;
				CLANG_CXX_LANGUAGE_STANDARD = "gnu++0x";
				CLANG_CXX_LIBRARY = "libc++";
				CLANG_ENABLE_MODULES = YES;
				CLANG_ENABLE_OBJC_ARC = YES;
				CLANG_WARN_BOOL_CONVERSION = YES;
				CLANG_WARN_CONSTANT_CONVERSION = YES;
				CLANG_WARN_DIRECT_OBJC_ISA_USAGE = YES_ERROR;
				CLANG_WARN_EMPTY_BODY = YES;
				CLANG_WARN_ENUM_CONVERSION = YES;
				CLANG_WARN_INT_CONVERSION = YES;
				CLANG_WARN_OBJC_ROOT_CLASS = YES_ERROR;
				CLANG_WARN_UNREACHABLE_CODE = YES;
				CLANG_WARN__DUPLICATE_METHOD_MATCH = YES;
				"CODE_SIGN_IDENTITY[sdk=iphoneos*]" = "iPhone Developer";
				COPY_PHASE_STRIP = NO;
				DEBUG_INFORMATION_FORMAT = "dwarf-with-dsym";
				ENABLE_STRICT_OBJC_MSGSEND = YES;
				GCC_C_LANGUAGE_STANDARD = gnu99;
				GCC_DYNAMIC_NO_PIC = NO;
				GCC_NO_COMMON_BLOCKS = YES;
				GCC_OPTIMIZATION_LEVEL = 0;
				GCC_PREPROCESSOR_DEFINITIONS = (
					"DEBUG=1",
					"$(inherited)",
				);
				GCC_SYMBOLS_PRIVATE_EXTERN = NO;
				GCC_WARN_64_TO_32_BIT_CONVERSION = YES;
				GCC_WARN_ABOUT_RETURN_TYPE = YES_ERROR;
				GCC_WARN_UNDECLARED_SELECTOR = YES;
				GCC_WARN_UNINITIALIZED_AUTOS = YES_AGGRESSIVE;
				GCC_WARN_UNUSED_FUNCTION = YES;
				GCC_WARN_UNUSED_VARIABLE = YES;
				IPHONEOS_DEPLOYMENT_TARGET = 8.4;
				MTL_ENABLE_DEBUG_INFO = YES;
				ONLY_ACTIVE_ARCH = YES;
				SDKROOT = iphoneos;
				SWIFT_OPTIMIZATION_LEVEL = "-Onone";
				TARGETED_DEVICE_FAMILY = "1,2";
			};
			name = Debug;
		};
		D3AD28AC1B78429700DD0DA3 /* Release */ = {
			isa = XCBuildConfiguration;
			buildSettings = {
				ALWAYS_SEARCH_USER_PATHS = NO;
				CLANG_CXX_LANGUAGE_STANDARD = "gnu++0x";
				CLANG_CXX_LIBRARY = "libc++";
				CLANG_ENABLE_MODULES = YES;
				CLANG_ENABLE_OBJC_ARC = YES;
				CLANG_WARN_BOOL_CONVERSION = YES;
				CLANG_WARN_CONSTANT_CONVERSION = YES;
				CLANG_WARN_DIRECT_OBJC_ISA_USAGE = YES_ERROR;
				CLANG_WARN_EMPTY_BODY = YES;
				CLANG_WARN_ENUM_CONVERSION = YES;
				CLANG_WARN_INT_CONVERSION = YES;
				CLANG_WARN_OBJC_ROOT_CLASS = YES_ERROR;
				CLANG_WARN_UNREACHABLE_CODE = YES;
				CLANG_WARN__DUPLICATE_METHOD_MATCH = YES;
				"CODE_SIGN_IDENTITY[sdk=iphoneos*]" = "iPhone Developer";
				COPY_PHASE_STRIP = NO;
				DEBUG_INFORMATION_FORMAT = "dwarf-with-dsym";
				ENABLE_NS_ASSERTIONS = NO;
				ENABLE_STRICT_OBJC_MSGSEND = YES;
				GCC_C_LANGUAGE_STANDARD = gnu99;
				GCC_NO_COMMON_BLOCKS = YES;
				GCC_WARN_64_TO_32_BIT_CONVERSION = YES;
				GCC_WARN_ABOUT_RETURN_TYPE = YES_ERROR;
				GCC_WARN_UNDECLARED_SELECTOR = YES;
				GCC_WARN_UNINITIALIZED_AUTOS = YES_AGGRESSIVE;
				GCC_WARN_UNUSED_FUNCTION = YES;
				GCC_WARN_UNUSED_VARIABLE = YES;
				IPHONEOS_DEPLOYMENT_TARGET = 8.4;
				MTL_ENABLE_DEBUG_INFO = NO;
				SDKROOT = iphoneos;
				TARGETED_DEVICE_FAMILY = "1,2";
				VALIDATE_PRODUCT = YES;
			};
			name = Release;
		};
		D3AD28AE1B78429700DD0DA3 /* Debug */ = {
			isa = XCBuildConfiguration;
			buildSettings = {
				ASSETCATALOG_COMPILER_APPICON_NAME = AppIcon;
				CODE_SIGN_IDENTITY = "iPhone Developer";
				INFOPLIST_FILE = Locatapp/Info.plist;
				LD_RUNPATH_SEARCH_PATHS = "$(inherited) @executable_path/Frameworks";
				PRODUCT_NAME = "$(TARGET_NAME)";
			};
			name = Debug;
		};
		D3AD28AF1B78429700DD0DA3 /* Release */ = {
			isa = XCBuildConfiguration;
			buildSettings = {
				ASSETCATALOG_COMPILER_APPICON_NAME = AppIcon;
				CODE_SIGN_IDENTITY = "iPhone Developer";
				INFOPLIST_FILE = Locatapp/Info.plist;
				LD_RUNPATH_SEARCH_PATHS = "$(inherited) @executable_path/Frameworks";
				PRODUCT_NAME = "$(TARGET_NAME)";
			};
			name = Release;
		};
		D3AD28B11B78429700DD0DA3 /* Debug */ = {
			isa = XCBuildConfiguration;
			buildSettings = {
				BUNDLE_LOADER = "$(TEST_HOST)";
				FRAMEWORK_SEARCH_PATHS = (
					"$(SDKROOT)/Developer/Library/Frameworks",
					"$(inherited)",
				);
				GCC_PREPROCESSOR_DEFINITIONS = (
					"DEBUG=1",
					"$(inherited)",
				);
				INFOPLIST_FILE = LocatappTests/Info.plist;
				LD_RUNPATH_SEARCH_PATHS = "$(inherited) @executable_path/Frameworks @loader_path/Frameworks";
				PRODUCT_NAME = "$(TARGET_NAME)";
				TEST_HOST = "$(BUILT_PRODUCTS_DIR)/Locatapp.app/Locatapp";
			};
			name = Debug;
		};
		D3AD28B21B78429700DD0DA3 /* Release */ = {
			isa = XCBuildConfiguration;
			buildSettings = {
				BUNDLE_LOADER = "$(TEST_HOST)";
				FRAMEWORK_SEARCH_PATHS = (
					"$(SDKROOT)/Developer/Library/Frameworks",
					"$(inherited)",
				);
				INFOPLIST_FILE = LocatappTests/Info.plist;
				LD_RUNPATH_SEARCH_PATHS = "$(inherited) @executable_path/Frameworks @loader_path/Frameworks";
				PRODUCT_NAME = "$(TARGET_NAME)";
				TEST_HOST = "$(BUILT_PRODUCTS_DIR)/Locatapp.app/Locatapp";
			};
			name = Release;
		};
/* End XCBuildConfiguration section */

/* Begin XCConfigurationList section */
		D3AD28841B78429700DD0DA3 /* Build configuration list for PBXProject "Locatapp" */ = {
			isa = XCConfigurationList;
			buildConfigurations = (
				D3AD28AB1B78429700DD0DA3 /* Debug */,
				D3AD28AC1B78429700DD0DA3 /* Release */,
			);
			defaultConfigurationIsVisible = 0;
			defaultConfigurationName = Release;
		};
		D3AD28AD1B78429700DD0DA3 /* Build configuration list for PBXNativeTarget "Locatapp" */ = {
			isa = XCConfigurationList;
			buildConfigurations = (
				D3AD28AE1B78429700DD0DA3 /* Debug */,
				D3AD28AF1B78429700DD0DA3 /* Release */,
			);
			defaultConfigurationIsVisible = 0;
		};
		D3AD28B01B78429700DD0DA3 /* Build configuration list for PBXNativeTarget "LocatappTests" */ = {
			isa = XCConfigurationList;
			buildConfigurations = (
				D3AD28B11B78429700DD0DA3 /* Debug */,
				D3AD28B21B78429700DD0DA3 /* Release */,
			);
			defaultConfigurationIsVisible = 0;
		};
/* End XCConfigurationList section */

/* Begin XCVersionGroup section */
		D3AD28901B78429700DD0DA3 /* Locatapp.xcdatamodeld */ = {
			isa = XCVersionGroup;
			children = (
				D3AD28911B78429700DD0DA3 /* Locatapp.xcdatamodel */,
			);
			currentVersion = D3AD28911B78429700DD0DA3 /* Locatapp.xcdatamodel */;
			path = Locatapp.xcdatamodeld;
			sourceTree = "<group>";
			versionGroupType = wrapper.xcdatamodel;
		};
/* End XCVersionGroup section */
	};
	rootObject = D3AD28811B78429700DD0DA3 /* Project object */;
}
